
Microsoft Visual Studio Solution File, Format Version 12.00
# Visual Studio 15
VisualStudioVersion = 15.0.27703.2000
MinimumVisualStudioVersion = 10.0.40219.1
Project("{8BC9CEB8-8B4A-11D0-8D11-00A0C91BC942}") = "Clipboard_cxx", "Clipboard_cxx\Clipboard_cxx.vcxproj", "{47253437-AC5A-41F2-99FE-76BA7F836B33}"
EndProject
Global
	GlobalSection(SolutionConfigurationPlatforms) = preSolution
		Debug|x64 = Debug|x64
		Debug|x86 = Debug|x86
		Release|x64 = Release|x64
		Release|x86 = Release|x86
	EndGlobalSection
	GlobalSection(ProjectConfigurationPlatforms) = postSolution
		{47253437-AC5A-41F2-99FE-76BA7F836B33}.Debug|x64.ActiveCfg = Debug|x64
		{47253437-AC5A-41F2-99FE-76BA7F836B33}.Debug|x64.Build.0 = Debug|x64
		{47253437-AC5A-41F2-99FE-76BA7F836B33}.Debug|x86.ActiveCfg = Debug|Win32
		{47253437-AC5A-41F2-99FE-76BA7F836B33}.Debug|x86.Build.0 = Debug|Win32
		{47253437-AC5A-41F2-99FE-76BA7F836B33}.Release|x64.ActiveCfg = Release|x64
		{47253437-AC5A-41F2-99FE-76BA7F836B33}.Release|x64.Build.0 = Release|x64
		{47253437-AC5A-41F2-99FE-76BA7F836B33}.Release|x86.ActiveCfg = Release|Win32
		{47253437-AC5A-41F2-99FE-76BA7F836B33}.Release|x86.Build.0 = Release|Win32
	EndGlobalSection
	GlobalSection(SolutionProperties) = preSolution
		HideSolutionNode = FALSE
	EndGlobalSection
	GlobalSection(ExtensibilityGlobals) = postSolution
		SolutionGuid = {C4CED486-FB6D-4D1E-975B-1ECFEDD045CD}
	EndGlobalSection
EndGlobal
